<?xml version="1.0" encoding="utf-8"?>
<Project ToolsVersion="4.0" xmlns="http://schemas.microsoft.com/developer/msbuild/2003">
  <ItemGroup>
    <ClCompile Include="main.c" />
    <ClCompile Include="sf_camera.c" />
    <ClCompile Include="sf_processor_params.c" />
    <ClCompile Include="sf_processor_params_glib.c" />
    <ClCompile Include="sf_processor.c" />
    <ClCompile Include="sf_algorithm.c" />
    <ClCompile Include="sf_app_params.c" />
    <ClCompile Include="sf_app_params_glib.c" />
  </ItemGroup>
  <ItemGroup>
    <ClInclude Include="sf_camera.h" />
    <ClInclude Include="sf_processor_params.h" />
    <ClInclude Include="sf_processor_params_glib.h" />
    <ClInclude Include="sf_processor.h" />
    <ClInclude Include="sf_algorithm.h" />
    <ClInclude Include="sf_app_params.h" />
    <ClInclude Include="sf_app_params_glib.h" />
  </ItemGroup>
  <ItemGroup>
    <None Include="packages.config" />
  </ItemGroup>
</Project>